{
  "name": "uikit_ex",
  "version": "0.1.0",
  "lockfileVersion": 3,
  "requires": true,
  "packages": {
    "": {
      "name": "uikit_ex",
      "version": "0.1.0",
      "devDependencies": {
        "uikit": "^3.25.6"
      },
      "peerDependencies": {
        "uikit": "^3.0.0"
      }
    },
    "node_modules/uikit": {
      "version": "3.25.6",
      "resolved": "https://registry.npmjs.org/uikit/-/uikit-3.25.6.tgz",
      "integrity": "sha512-dLbKZqQokAnh5y267Oy7OB86H+WmAZLG0YNJXq2dp8Ap245XDPiBWvflHEA4Xe/NxoR7pfFsLJE3aQVjr5QUTQ==",
      "dev": true,
      "license": "MIT"
    }
  }
}
