{
  "name": "assets",
  "lockfileVersion": 3,
  "requires": true,
  "packages": {
    "": {
      "dependencies": {
        "uikit": "^3.25.6",
        "uikit_ex": "file:../../"
      }
    },
    "../..": {
      "name": "uikit_ex",
      "version": "0.1.0",
      "peerDependencies": {
        "uikit": "^3.0.0"
      }
    },
    "node_modules/uikit": {
      "version": "3.25.6",
      "resolved": "https://registry.npmjs.org/uikit/-/uikit-3.25.6.tgz",
      "integrity": "sha512-dLbKZqQokAnh5y267Oy7OB86H+WmAZLG0YNJXq2dp8Ap245XDPiBWvflHEA4Xe/NxoR7pfFsLJE3aQVjr5QUTQ==",
      "license": "MIT"
    },
    "node_modules/uikit_ex": {
      "resolved": "../..",
      "link": true
    }
  }
}
